
Microsoft Visual Studio Solution File, Format Version 12.00
# Visual Studio Version 17
VisualStudioVersion = 17.3.32929.385
MinimumVisualStudioVersion = 10.0.40219.1
Project("{FAE04EC0-301F-11D3-BF4B-00C04F79EFBC}") = "BasicCoreProgramming", "BasicCoreProgramming.csproj", "{AB12E02E-A26D-45C1-B0B4-EBB9422DAA9F}"
EndProject
Global
	GlobalSection(SolutionConfigurationPlatforms) = preSolution
		Debug|Any CPU = Debug|Any CPU
		Release|Any CPU = Release|Any CPU
	EndGlobalSection
	GlobalSection(ProjectConfigurationPlatforms) = postSolution
		{AB12E02E-A26D-45C1-B0B4-EBB9422DAA9F}.Debug|Any CPU.ActiveCfg = Debug|Any CPU
		{AB12E02E-A26D-45C1-B0B4-EBB9422DAA9F}.Debug|Any CPU.Build.0 = Debug|Any CPU
		{AB12E02E-A26D-45C1-B0B4-EBB9422DAA9F}.Release|Any CPU.ActiveCfg = Release|Any CPU
		{AB12E02E-A26D-45C1-B0B4-EBB9422DAA9F}.Release|Any CPU.Build.0 = Release|Any CPU
	EndGlobalSection
	GlobalSection(SolutionProperties) = preSolution
		HideSolutionNode = FALSE
	EndGlobalSection
	GlobalSection(ExtensibilityGlobals) = postSolution
		SolutionGuid = {A934BA7A-A80B-46DD-8E70-4128CC00FB50}
	EndGlobalSection
EndGlobal
